
Microsoft Visual Studio Solution File, Format Version 12.00
# Visual Studio Version 17
VisualStudioVersion = 17.8.34330.188
MinimumVisualStudioVersion = 10.0.40219.1
Project("{8BC9CEB8-8B4A-11D0-8D11-00A0C91BC942}") = "figura funk2", "figura funk2\figura funk2.vcxproj", "{71C67359-DE96-4B1E-A3A6-02D6CA5BCB94}"
EndProject
Global
	GlobalSection(SolutionConfigurationPlatforms) = preSolution
		Debug|x64 = Debug|x64
		Debug|x86 = Debug|x86
		Release|x64 = Release|x64
		Release|x86 = Release|x86
	EndGlobalSection
	GlobalSection(ProjectConfigurationPlatforms) = postSolution
		{71C67359-DE96-4B1E-A3A6-02D6CA5BCB94}.Debug|x64.ActiveCfg = Debug|x64
		{71C67359-DE96-4B1E-A3A6-02D6CA5BCB94}.Debug|x64.Build.0 = Debug|x64
		{71C67359-DE96-4B1E-A3A6-02D6CA5BCB94}.Debug|x86.ActiveCfg = Debug|Win32
		{71C67359-DE96-4B1E-A3A6-02D6CA5BCB94}.Debug|x86.Build.0 = Debug|Win32
		{71C67359-DE96-4B1E-A3A6-02D6CA5BCB94}.Release|x64.ActiveCfg = Release|x64
		{71C67359-DE96-4B1E-A3A6-02D6CA5BCB94}.Release|x64.Build.0 = Release|x64
		{71C67359-DE96-4B1E-A3A6-02D6CA5BCB94}.Release|x86.ActiveCfg = Release|Win32
		{71C67359-DE96-4B1E-A3A6-02D6CA5BCB94}.Release|x86.Build.0 = Release|Win32
	EndGlobalSection
	GlobalSection(SolutionProperties) = preSolution
		HideSolutionNode = FALSE
	EndGlobalSection
	GlobalSection(ExtensibilityGlobals) = postSolution
		SolutionGuid = {C9530D2D-AC65-4256-911C-32803C9CCF71}
	EndGlobalSection
EndGlobal
